{
  "name": "security.buession.com",
  "lockfileVersion": 2,
  "requires": true,
  "packages": {
    "": {
      "devDependencies": {
        "ydoc-theme-demo": "^0.0.3"
      }
    },
    "node_modules/ydoc-theme-demo": {
      "version": "0.0.3",
      "resolved": "https://registry.npmjs.org/ydoc-theme-demo/-/ydoc-theme-demo-0.0.3.tgz",
      "integrity": "sha512-NObqIX2JRSTfaO61DwfDQDvHEwrDLeFkUTBQFXnXJsafINMDSc8+YVfkMmnyvY5VNBi85ZsAyvCADTk0ObY7pQ==",
      "dev": true
    }
  },
  "dependencies": {
    "ydoc-theme-demo": {
      "version": "0.0.3",
      "resolved": "https://registry.npmjs.org/ydoc-theme-demo/-/ydoc-theme-demo-0.0.3.tgz",
      "integrity": "sha512-NObqIX2JRSTfaO61DwfDQDvHEwrDLeFkUTBQFXnXJsafINMDSc8+YVfkMmnyvY5VNBi85ZsAyvCADTk0ObY7pQ==",
      "dev": true
    }
  }
}
